<Solution>
  <Folder Name="/Solution Items/">
    <File Path=".gitignore" />
    <File Path="LICENSE.md" />
    <File Path="README.md" />
  </Folder>
  <Folder Name="/docs/">
    <File Path="docs/AI_HANDOFF.md" />
    <File Path="docs/Audit.md" />
    <File Path="docs/DatabaseImplementationPlan.md" />
    <File Path="docs/ErrorHandling.md" />
    <File Path="docs/ThePlan.md" />
    <File Path="docs/TheSimplePlan.md" />
  </Folder>
  <Project Path="SuiteCase.Client/SuiteCase.Client.esproj">
    <Build />
    <Deploy />
  </Project>
  <Project Path="SuiteCase.Core/SuiteCase.Core.csproj" />
  <Project Path="SuiteCase.IntegrationTests/SuiteCase.IntegrationTests.csproj" />
  <Project Path="SuiteCase.Server/SuiteCase.Server.csproj" />
  <Project Path="SuiteCase.UnitTests/SuiteCase.UnitTests.csproj" Id="b21aaba8-13e0-4d5c-a468-403a2a7697f7" />
</Solution>
